
Microsoft Visual Studio Solution File, Format Version 12.00
# Visual Studio 15
VisualStudioVersion = 15.0.28010.2046
MinimumVisualStudioVersion = 10.0.40219.1
Project("{FAE04EC0-301F-11D3-BF4B-00C04F79EFBC}") = "Hospital", "Hospital\Hospital.csproj", "{90E61091-21BD-4901-BEFA-3F782C3072DC}"
EndProject
Global
	GlobalSection(SolutionConfigurationPlatforms) = preSolution
		Debug|Any CPU = Debug|Any CPU
		Release|Any CPU = Release|Any CPU
	EndGlobalSection
	GlobalSection(ProjectConfigurationPlatforms) = postSolution
		{90E61091-21BD-4901-BEFA-3F782C3072DC}.Debug|Any CPU.ActiveCfg = Debug|Any CPU
		{90E61091-21BD-4901-BEFA-3F782C3072DC}.Debug|Any CPU.Build.0 = Debug|Any CPU
		{90E61091-21BD-4901-BEFA-3F782C3072DC}.Release|Any CPU.ActiveCfg = Release|Any CPU
		{90E61091-21BD-4901-BEFA-3F782C3072DC}.Release|Any CPU.Build.0 = Release|Any CPU
	EndGlobalSection
	GlobalSection(SolutionProperties) = preSolution
		HideSolutionNode = FALSE
	EndGlobalSection
	GlobalSection(ExtensibilityGlobals) = postSolution
		SolutionGuid = {FBC354F2-6905-432C-9DAB-A0C39E568CEC}
	EndGlobalSection
EndGlobal
